{
  "name": "vite-project",
  "version": "0.0.0",
  "lockfileVersion": 1,
  "requires": true,
  "dependencies": {
    "case-1.5.3": {
      "version": "npm:case@1.5.3",
      "resolved": "https://registry.npmjs.org/case/-/case-1.5.3.tgz",
      "integrity": "sha1-sgFjGsQubltBuLqvRvJQBmduFcY="
    },
    "vue-property-decorator": {
      "version": "npm:@smyld/vue-property-decorator@10.0.17",
      "resolved": "https://registry.npmjs.org/@smyld/vue-property-decorator/-/vue-property-decorator-10.0.17.tgz",
      "integrity": "sha512-O0GFzELvv15MAw2oUXL+WvPZiDWASSDxw/okuAj6rP+09gcxFxkHRa2HQRd6+PTnEqoCjwrKsnSV3EWTZiuv9w=="
    }
  }
}
